
Microsoft Visual Studio Solution File, Format Version 12.00
# Visual Studio Version 17
VisualStudioVersion = 17.10.35027.167
MinimumVisualStudioVersion = 10.0.40219.1
Project("{FAE04EC0-301F-11D3-BF4B-00C04F79EFBC}") = "FedeSoftware", "FedeSoftware\FedeSoftware.csproj", "{07CE37BE-B749-453D-A8C4-1307F810C636}"
EndProject
Project("{FAE04EC0-301F-11D3-BF4B-00C04F79EFBC}") = "BaseDeDatos", "BaseDeDatos\BaseDeDatos.csproj", "{27519D67-D2A7-49E6-BEBF-0FB5A3DB052A}"
EndProject
Global
	GlobalSection(SolutionConfigurationPlatforms) = preSolution
		Debug|Any CPU = Debug|Any CPU
		Release|Any CPU = Release|Any CPU
	EndGlobalSection
	GlobalSection(ProjectConfigurationPlatforms) = postSolution
		{07CE37BE-B749-453D-A8C4-1307F810C636}.Debug|Any CPU.ActiveCfg = Debug|Any CPU
		{07CE37BE-B749-453D-A8C4-1307F810C636}.Debug|Any CPU.Build.0 = Debug|Any CPU
		{07CE37BE-B749-453D-A8C4-1307F810C636}.Release|Any CPU.ActiveCfg = Release|Any CPU
		{07CE37BE-B749-453D-A8C4-1307F810C636}.Release|Any CPU.Build.0 = Release|Any CPU
		{27519D67-D2A7-49E6-BEBF-0FB5A3DB052A}.Debug|Any CPU.ActiveCfg = Debug|Any CPU
		{27519D67-D2A7-49E6-BEBF-0FB5A3DB052A}.Debug|Any CPU.Build.0 = Debug|Any CPU
		{27519D67-D2A7-49E6-BEBF-0FB5A3DB052A}.Release|Any CPU.ActiveCfg = Release|Any CPU
		{27519D67-D2A7-49E6-BEBF-0FB5A3DB052A}.Release|Any CPU.Build.0 = Release|Any CPU
	EndGlobalSection
	GlobalSection(SolutionProperties) = preSolution
		HideSolutionNode = FALSE
	EndGlobalSection
	GlobalSection(ExtensibilityGlobals) = postSolution
		SolutionGuid = {3E8FDE99-2406-4D54-B30E-3BDB7ADBF303}
	EndGlobalSection
EndGlobal
